
Microsoft Visual Studio Solution File, Format Version 12.00
# Visual Studio 15
VisualStudioVersion = 15.0.26124.0
MinimumVisualStudioVersion = 15.0.26124.0
Project("{2150E333-8FDC-42A3-9474-1A3956D46DE8}") = "Tests", "Tests", "{54B37C4B-BA06-41D9-80CA-2FA1A2DCA1E6}"
EndProject
Project("{FAE04EC0-301F-11D3-BF4B-00C04F79EFBC}") = "Bds.TechTest.Wpf", "Bds.TechTest.Wpf\Bds.TechTest.Wpf.csproj", "{D0AFADA1-ED86-4AB9-A7E0-B3B7F3A0A6DE}"
EndProject
Project("{FAE04EC0-301F-11D3-BF4B-00C04F79EFBC}") = "Bds.TechTest.Tests", "Bds.TechTest.Tests\Bds.TechTest.Tests.csproj", "{F73C7FA9-CCD6-406E-BF41-BC1354FEBE66}"
EndProject
Global
	GlobalSection(SolutionConfigurationPlatforms) = preSolution
		Debug|Any CPU = Debug|Any CPU
		Debug|x64 = Debug|x64
		Debug|x86 = Debug|x86
		Release|Any CPU = Release|Any CPU
		Release|x64 = Release|x64
		Release|x86 = Release|x86
	EndGlobalSection
	GlobalSection(ProjectConfigurationPlatforms) = postSolution
		{D0AFADA1-ED86-4AB9-A7E0-B3B7F3A0A6DE}.Debug|Any CPU.ActiveCfg = Debug|Any CPU
		{D0AFADA1-ED86-4AB9-A7E0-B3B7F3A0A6DE}.Debug|Any CPU.Build.0 = Debug|Any CPU
		{D0AFADA1-ED86-4AB9-A7E0-B3B7F3A0A6DE}.Debug|x64.ActiveCfg = Debug|Any CPU
		{D0AFADA1-ED86-4AB9-A7E0-B3B7F3A0A6DE}.Debug|x64.Build.0 = Debug|Any CPU
		{D0AFADA1-ED86-4AB9-A7E0-B3B7F3A0A6DE}.Debug|x86.ActiveCfg = Debug|Any CPU
		{D0AFADA1-ED86-4AB9-A7E0-B3B7F3A0A6DE}.Debug|x86.Build.0 = Debug|Any CPU
		{D0AFADA1-ED86-4AB9-A7E0-B3B7F3A0A6DE}.Release|Any CPU.ActiveCfg = Release|Any CPU
		{D0AFADA1-ED86-4AB9-A7E0-B3B7F3A0A6DE}.Release|Any CPU.Build.0 = Release|Any CPU
		{D0AFADA1-ED86-4AB9-A7E0-B3B7F3A0A6DE}.Release|x64.ActiveCfg = Release|Any CPU
		{D0AFADA1-ED86-4AB9-A7E0-B3B7F3A0A6DE}.Release|x64.Build.0 = Release|Any CPU
		{D0AFADA1-ED86-4AB9-A7E0-B3B7F3A0A6DE}.Release|x86.ActiveCfg = Release|Any CPU
		{D0AFADA1-ED86-4AB9-A7E0-B3B7F3A0A6DE}.Release|x86.Build.0 = Release|Any CPU
		{F73C7FA9-CCD6-406E-BF41-BC1354FEBE66}.Debug|Any CPU.ActiveCfg = Debug|Any CPU
		{F73C7FA9-CCD6-406E-BF41-BC1354FEBE66}.Debug|Any CPU.Build.0 = Debug|Any CPU
		{F73C7FA9-CCD6-406E-BF41-BC1354FEBE66}.Debug|x64.ActiveCfg = Debug|Any CPU
		{F73C7FA9-CCD6-406E-BF41-BC1354FEBE66}.Debug|x64.Build.0 = Debug|Any CPU
		{F73C7FA9-CCD6-406E-BF41-BC1354FEBE66}.Debug|x86.ActiveCfg = Debug|Any CPU
		{F73C7FA9-CCD6-406E-BF41-BC1354FEBE66}.Debug|x86.Build.0 = Debug|Any CPU
		{F73C7FA9-CCD6-406E-BF41-BC1354FEBE66}.Release|Any CPU.ActiveCfg = Release|Any CPU
		{F73C7FA9-CCD6-406E-BF41-BC1354FEBE66}.Release|Any CPU.Build.0 = Release|Any CPU
		{F73C7FA9-CCD6-406E-BF41-BC1354FEBE66}.Release|x64.ActiveCfg = Release|Any CPU
		{F73C7FA9-CCD6-406E-BF41-BC1354FEBE66}.Release|x64.Build.0 = Release|Any CPU
		{F73C7FA9-CCD6-406E-BF41-BC1354FEBE66}.Release|x86.ActiveCfg = Release|Any CPU
		{F73C7FA9-CCD6-406E-BF41-BC1354FEBE66}.Release|x86.Build.0 = Release|Any CPU
	EndGlobalSection
	GlobalSection(SolutionProperties) = preSolution
		HideSolutionNode = FALSE
	EndGlobalSection
	GlobalSection(NestedProjects) = preSolution
		{F73C7FA9-CCD6-406E-BF41-BC1354FEBE66} = {54B37C4B-BA06-41D9-80CA-2FA1A2DCA1E6}
	EndGlobalSection
	GlobalSection(ExtensibilityGlobals) = postSolution
		SolutionGuid = {60669040-6A94-47C6-A578-C9C7EA112701}
	EndGlobalSection
EndGlobal
